
Microsoft Visual Studio Solution File, Format Version 12.00
# Visual Studio Version 16
VisualStudioVersion = 16.0.31729.503
MinimumVisualStudioVersion = 10.0.40219.1
Project("{9A19103F-16F7-4668-BE54-9A1E7A4F7556}") = "RealHand", "RealHand\RealHand.csproj", "{21A1B9DE-CE87-40E4-93BD-DDB507AF449B}"
EndProject
Project("{2150E333-8FDC-42A3-9474-1A3956D46DE8}") = "Solution Items", "Solution Items", "{A3DF9DCC-A903-48BE-8619-114DB078F8D9}"
	ProjectSection(SolutionItems) = preProject
		.editorconfig = .editorconfig
	EndProjectSection
EndProject
Global
	GlobalSection(SolutionConfigurationPlatforms) = preSolution
		Debug|Any CPU = Debug|Any CPU
		Release|Any CPU = Release|Any CPU
	EndGlobalSection
	GlobalSection(ProjectConfigurationPlatforms) = postSolution
		{21A1B9DE-CE87-40E4-93BD-DDB507AF449B}.Debug|Any CPU.ActiveCfg = Debug|Any CPU
		{21A1B9DE-CE87-40E4-93BD-DDB507AF449B}.Debug|Any CPU.Build.0 = Debug|Any CPU
		{21A1B9DE-CE87-40E4-93BD-DDB507AF449B}.Release|Any CPU.ActiveCfg = Release|Any CPU
		{21A1B9DE-CE87-40E4-93BD-DDB507AF449B}.Release|Any CPU.Build.0 = Release|Any CPU
	EndGlobalSection
	GlobalSection(SolutionProperties) = preSolution
		HideSolutionNode = FALSE
	EndGlobalSection
	GlobalSection(ExtensibilityGlobals) = postSolution
		SolutionGuid = {3C9BC19E-DB09-434B-AB1A-FC1240C4E947}
	EndGlobalSection
EndGlobal
